
Microsoft Visual Studio Solution File, Format Version 12.00
# Visual Studio Version 17
VisualStudioVersion = 17.0.31903.59
MinimumVisualStudioVersion = 10.0.40219.1
Project("{2150E333-8FDC-42A3-9474-1A3956D46DE8}") = "src", "src", "{827E0CD3-B72D-47B6-A68D-7590B98EB39B}"
EndProject
Project("{FAE04EC0-301F-11D3-BF4B-00C04F79EFBC}") = "Api", "src\Api\Api.csproj", "{DB5620E0-79BD-4F21-A873-ABAAF85DD4CF}"
EndProject
Project("{FAE04EC0-301F-11D3-BF4B-00C04F79EFBC}") = "Application", "src\Application\Application.csproj", "{7B40EDD1-69B4-4256-9DD2-B323ACF14983}"
EndProject
Project("{FAE04EC0-301F-11D3-BF4B-00C04F79EFBC}") = "Domain", "src\Domain\Domain.csproj", "{1F09F6B3-C8B2-4DBA-9AE8-86C9A1DFC587}"
EndProject
Project("{FAE04EC0-301F-11D3-BF4B-00C04F79EFBC}") = "Infrastructure", "src\Infrastructure\Infrastructure.csproj", "{E45383B2-EB8A-45C0-B50D-1084AE94F6CF}"
EndProject
Project("{2150E333-8FDC-42A3-9474-1A3956D46DE8}") = "tests", "tests", "{0AB3BF05-4346-4AA6-1389-037BE0695223}"
EndProject
Project("{FAE04EC0-301F-11D3-BF4B-00C04F79EFBC}") = "Api.Tests", "tests\Api.Tests\Api.Tests.csproj", "{BD2EA87C-7F02-419A-8024-AD4203C11D13}"
EndProject
Project("{FAE04EC0-301F-11D3-BF4B-00C04F79EFBC}") = "Application.Tests", "tests\Application.Tests\Application.Tests.csproj", "{3C4F9C28-B974-4AF5-B434-8C32ACF2D0AD}"
EndProject
Project("{FAE04EC0-301F-11D3-BF4B-00C04F79EFBC}") = "Domain.Tests", "tests\Domain.Tests\Domain.Tests.csproj", "{CD07285A-959E-4174-81C7-FF0124E152FD}"
EndProject
Project("{FAE04EC0-301F-11D3-BF4B-00C04F79EFBC}") = "Integration.Tests", "tests\Integration.Tests\Integration.Tests.csproj", "{893F02DD-9AF1-4167-B9D1-D2C0406FFF8C}"
EndProject
Global
	GlobalSection(SolutionConfigurationPlatforms) = preSolution
		Debug|Any CPU = Debug|Any CPU
		Debug|x64 = Debug|x64
		Debug|x86 = Debug|x86
		Release|Any CPU = Release|Any CPU
		Release|x64 = Release|x64
		Release|x86 = Release|x86
	EndGlobalSection
	GlobalSection(ProjectConfigurationPlatforms) = postSolution
		{DB5620E0-79BD-4F21-A873-ABAAF85DD4CF}.Debug|Any CPU.ActiveCfg = Debug|Any CPU
		{DB5620E0-79BD-4F21-A873-ABAAF85DD4CF}.Debug|Any CPU.Build.0 = Debug|Any CPU
		{DB5620E0-79BD-4F21-A873-ABAAF85DD4CF}.Debug|x64.ActiveCfg = Debug|Any CPU
		{DB5620E0-79BD-4F21-A873-ABAAF85DD4CF}.Debug|x64.Build.0 = Debug|Any CPU
		{DB5620E0-79BD-4F21-A873-ABAAF85DD4CF}.Debug|x86.ActiveCfg = Debug|Any CPU
		{DB5620E0-79BD-4F21-A873-ABAAF85DD4CF}.Debug|x86.Build.0 = Debug|Any CPU
		{DB5620E0-79BD-4F21-A873-ABAAF85DD4CF}.Release|Any CPU.ActiveCfg = Release|Any CPU
		{DB5620E0-79BD-4F21-A873-ABAAF85DD4CF}.Release|Any CPU.Build.0 = Release|Any CPU
		{DB5620E0-79BD-4F21-A873-ABAAF85DD4CF}.Release|x64.ActiveCfg = Release|Any CPU
		{DB5620E0-79BD-4F21-A873-ABAAF85DD4CF}.Release|x64.Build.0 = Release|Any CPU
		{DB5620E0-79BD-4F21-A873-ABAAF85DD4CF}.Release|x86.ActiveCfg = Release|Any CPU
		{DB5620E0-79BD-4F21-A873-ABAAF85DD4CF}.Release|x86.Build.0 = Release|Any CPU
		{7B40EDD1-69B4-4256-9DD2-B323ACF14983}.Debug|Any CPU.ActiveCfg = Debug|Any CPU
		{7B40EDD1-69B4-4256-9DD2-B323ACF14983}.Debug|Any CPU.Build.0 = Debug|Any CPU
		{7B40EDD1-69B4-4256-9DD2-B323ACF14983}.Debug|x64.ActiveCfg = Debug|Any CPU
		{7B40EDD1-69B4-4256-9DD2-B323ACF14983}.Debug|x64.Build.0 = Debug|Any CPU
		{7B40EDD1-69B4-4256-9DD2-B323ACF14983}.Debug|x86.ActiveCfg = Debug|Any CPU
		{7B40EDD1-69B4-4256-9DD2-B323ACF14983}.Debug|x86.Build.0 = Debug|Any CPU
		{7B40EDD1-69B4-4256-9DD2-B323ACF14983}.Release|Any CPU.ActiveCfg = Release|Any CPU
		{7B40EDD1-69B4-4256-9DD2-B323ACF14983}.Release|Any CPU.Build.0 = Release|Any CPU
		{7B40EDD1-69B4-4256-9DD2-B323ACF14983}.Release|x64.ActiveCfg = Release|Any CPU
		{7B40EDD1-69B4-4256-9DD2-B323ACF14983}.Release|x64.Build.0 = Release|Any CPU
		{7B40EDD1-69B4-4256-9DD2-B323ACF14983}.Release|x86.ActiveCfg = Release|Any CPU
		{7B40EDD1-69B4-4256-9DD2-B323ACF14983}.Release|x86.Build.0 = Release|Any CPU
		{1F09F6B3-C8B2-4DBA-9AE8-86C9A1DFC587}.Debug|Any CPU.ActiveCfg = Debug|Any CPU
		{1F09F6B3-C8B2-4DBA-9AE8-86C9A1DFC587}.Debug|Any CPU.Build.0 = Debug|Any CPU
		{1F09F6B3-C8B2-4DBA-9AE8-86C9A1DFC587}.Debug|x64.ActiveCfg = Debug|Any CPU
		{1F09F6B3-C8B2-4DBA-9AE8-86C9A1DFC587}.Debug|x64.Build.0 = Debug|Any CPU
		{1F09F6B3-C8B2-4DBA-9AE8-86C9A1DFC587}.Debug|x86.ActiveCfg = Debug|Any CPU
		{1F09F6B3-C8B2-4DBA-9AE8-86C9A1DFC587}.Debug|x86.Build.0 = Debug|Any CPU
		{1F09F6B3-C8B2-4DBA-9AE8-86C9A1DFC587}.Release|Any CPU.ActiveCfg = Release|Any CPU
		{1F09F6B3-C8B2-4DBA-9AE8-86C9A1DFC587}.Release|Any CPU.Build.0 = Release|Any CPU
		{1F09F6B3-C8B2-4DBA-9AE8-86C9A1DFC587}.Release|x64.ActiveCfg = Release|Any CPU
		{1F09F6B3-C8B2-4DBA-9AE8-86C9A1DFC587}.Release|x64.Build.0 = Release|Any CPU
		{1F09F6B3-C8B2-4DBA-9AE8-86C9A1DFC587}.Release|x86.ActiveCfg = Release|Any CPU
		{1F09F6B3-C8B2-4DBA-9AE8-86C9A1DFC587}.Release|x86.Build.0 = Release|Any CPU
		{E45383B2-EB8A-45C0-B50D-1084AE94F6CF}.Debug|Any CPU.ActiveCfg = Debug|Any CPU
		{E45383B2-EB8A-45C0-B50D-1084AE94F6CF}.Debug|Any CPU.Build.0 = Debug|Any CPU
		{E45383B2-EB8A-45C0-B50D-1084AE94F6CF}.Debug|x64.ActiveCfg = Debug|Any CPU
		{E45383B2-EB8A-45C0-B50D-1084AE94F6CF}.Debug|x64.Build.0 = Debug|Any CPU
		{E45383B2-EB8A-45C0-B50D-1084AE94F6CF}.Debug|x86.ActiveCfg = Debug|Any CPU
		{E45383B2-EB8A-45C0-B50D-1084AE94F6CF}.Debug|x86.Build.0 = Debug|Any CPU
		{E45383B2-EB8A-45C0-B50D-1084AE94F6CF}.Release|Any CPU.ActiveCfg = Release|Any CPU
		{E45383B2-EB8A-45C0-B50D-1084AE94F6CF}.Release|Any CPU.Build.0 = Release|Any CPU
		{E45383B2-EB8A-45C0-B50D-1084AE94F6CF}.Release|x64.ActiveCfg = Release|Any CPU
		{E45383B2-EB8A-45C0-B50D-1084AE94F6CF}.Release|x64.Build.0 = Release|Any CPU
		{E45383B2-EB8A-45C0-B50D-1084AE94F6CF}.Release|x86.ActiveCfg = Release|Any CPU
		{E45383B2-EB8A-45C0-B50D-1084AE94F6CF}.Release|x86.Build.0 = Release|Any CPU
		{BD2EA87C-7F02-419A-8024-AD4203C11D13}.Debug|Any CPU.ActiveCfg = Debug|Any CPU
		{BD2EA87C-7F02-419A-8024-AD4203C11D13}.Debug|Any CPU.Build.0 = Debug|Any CPU
		{BD2EA87C-7F02-419A-8024-AD4203C11D13}.Debug|x64.ActiveCfg = Debug|Any CPU
		{BD2EA87C-7F02-419A-8024-AD4203C11D13}.Debug|x64.Build.0 = Debug|Any CPU
		{BD2EA87C-7F02-419A-8024-AD4203C11D13}.Debug|x86.ActiveCfg = Debug|Any CPU
		{BD2EA87C-7F02-419A-8024-AD4203C11D13}.Debug|x86.Build.0 = Debug|Any CPU
		{BD2EA87C-7F02-419A-8024-AD4203C11D13}.Release|Any CPU.ActiveCfg = Release|Any CPU
		{BD2EA87C-7F02-419A-8024-AD4203C11D13}.Release|Any CPU.Build.0 = Release|Any CPU
		{BD2EA87C-7F02-419A-8024-AD4203C11D13}.Release|x64.ActiveCfg = Release|Any CPU
		{BD2EA87C-7F02-419A-8024-AD4203C11D13}.Release|x64.Build.0 = Release|Any CPU
		{BD2EA87C-7F02-419A-8024-AD4203C11D13}.Release|x86.ActiveCfg = Release|Any CPU
		{BD2EA87C-7F02-419A-8024-AD4203C11D13}.Release|x86.Build.0 = Release|Any CPU
		{3C4F9C28-B974-4AF5-B434-8C32ACF2D0AD}.Debug|Any CPU.ActiveCfg = Debug|Any CPU
		{3C4F9C28-B974-4AF5-B434-8C32ACF2D0AD}.Debug|Any CPU.Build.0 = Debug|Any CPU
		{3C4F9C28-B974-4AF5-B434-8C32ACF2D0AD}.Debug|x64.ActiveCfg = Debug|Any CPU
		{3C4F9C28-B974-4AF5-B434-8C32ACF2D0AD}.Debug|x64.Build.0 = Debug|Any CPU
		{3C4F9C28-B974-4AF5-B434-8C32ACF2D0AD}.Debug|x86.ActiveCfg = Debug|Any CPU
		{3C4F9C28-B974-4AF5-B434-8C32ACF2D0AD}.Debug|x86.Build.0 = Debug|Any CPU
		{3C4F9C28-B974-4AF5-B434-8C32ACF2D0AD}.Release|Any CPU.ActiveCfg = Release|Any CPU
		{3C4F9C28-B974-4AF5-B434-8C32ACF2D0AD}.Release|Any CPU.Build.0 = Release|Any CPU
		{3C4F9C28-B974-4AF5-B434-8C32ACF2D0AD}.Release|x64.ActiveCfg = Release|Any CPU
		{3C4F9C28-B974-4AF5-B434-8C32ACF2D0AD}.Release|x64.Build.0 = Release|Any CPU
		{3C4F9C28-B974-4AF5-B434-8C32ACF2D0AD}.Release|x86.ActiveCfg = Release|Any CPU
		{3C4F9C28-B974-4AF5-B434-8C32ACF2D0AD}.Release|x86.Build.0 = Release|Any CPU
		{CD07285A-959E-4174-81C7-FF0124E152FD}.Debug|Any CPU.ActiveCfg = Debug|Any CPU
		{CD07285A-959E-4174-81C7-FF0124E152FD}.Debug|Any CPU.Build.0 = Debug|Any CPU
		{CD07285A-959E-4174-81C7-FF0124E152FD}.Debug|x64.ActiveCfg = Debug|Any CPU
		{CD07285A-959E-4174-81C7-FF0124E152FD}.Debug|x64.Build.0 = Debug|Any CPU
		{CD07285A-959E-4174-81C7-FF0124E152FD}.Debug|x86.ActiveCfg = Debug|Any CPU
		{CD07285A-959E-4174-81C7-FF0124E152FD}.Debug|x86.Build.0 = Debug|Any CPU
		{CD07285A-959E-4174-81C7-FF0124E152FD}.Release|Any CPU.ActiveCfg = Release|Any CPU
		{CD07285A-959E-4174-81C7-FF0124E152FD}.Release|Any CPU.Build.0 = Release|Any CPU
		{CD07285A-959E-4174-81C7-FF0124E152FD}.Release|x64.ActiveCfg = Release|Any CPU
		{CD07285A-959E-4174-81C7-FF0124E152FD}.Release|x64.Build.0 = Release|Any CPU
		{CD07285A-959E-4174-81C7-FF0124E152FD}.Release|x86.ActiveCfg = Release|Any CPU
		{CD07285A-959E-4174-81C7-FF0124E152FD}.Release|x86.Build.0 = Release|Any CPU
		{893F02DD-9AF1-4167-B9D1-D2C0406FFF8C}.Debug|Any CPU.ActiveCfg = Debug|Any CPU
		{893F02DD-9AF1-4167-B9D1-D2C0406FFF8C}.Debug|Any CPU.Build.0 = Debug|Any CPU
		{893F02DD-9AF1-4167-B9D1-D2C0406FFF8C}.Debug|x64.ActiveCfg = Debug|Any CPU
		{893F02DD-9AF1-4167-B9D1-D2C0406FFF8C}.Debug|x64.Build.0 = Debug|Any CPU
		{893F02DD-9AF1-4167-B9D1-D2C0406FFF8C}.Debug|x86.ActiveCfg = Debug|Any CPU
		{893F02DD-9AF1-4167-B9D1-D2C0406FFF8C}.Debug|x86.Build.0 = Debug|Any CPU
		{893F02DD-9AF1-4167-B9D1-D2C0406FFF8C}.Release|Any CPU.ActiveCfg = Release|Any CPU
		{893F02DD-9AF1-4167-B9D1-D2C0406FFF8C}.Release|Any CPU.Build.0 = Release|Any CPU
		{893F02DD-9AF1-4167-B9D1-D2C0406FFF8C}.Release|x64.ActiveCfg = Release|Any CPU
		{893F02DD-9AF1-4167-B9D1-D2C0406FFF8C}.Release|x64.Build.0 = Release|Any CPU
		{893F02DD-9AF1-4167-B9D1-D2C0406FFF8C}.Release|x86.ActiveCfg = Release|Any CPU
		{893F02DD-9AF1-4167-B9D1-D2C0406FFF8C}.Release|x86.Build.0 = Release|Any CPU
	EndGlobalSection
	GlobalSection(SolutionProperties) = preSolution
		HideSolutionNode = FALSE
	EndGlobalSection
	GlobalSection(NestedProjects) = preSolution
		{DB5620E0-79BD-4F21-A873-ABAAF85DD4CF} = {827E0CD3-B72D-47B6-A68D-7590B98EB39B}
		{7B40EDD1-69B4-4256-9DD2-B323ACF14983} = {827E0CD3-B72D-47B6-A68D-7590B98EB39B}
		{1F09F6B3-C8B2-4DBA-9AE8-86C9A1DFC587} = {827E0CD3-B72D-47B6-A68D-7590B98EB39B}
		{E45383B2-EB8A-45C0-B50D-1084AE94F6CF} = {827E0CD3-B72D-47B6-A68D-7590B98EB39B}
		{BD2EA87C-7F02-419A-8024-AD4203C11D13} = {0AB3BF05-4346-4AA6-1389-037BE0695223}
		{3C4F9C28-B974-4AF5-B434-8C32ACF2D0AD} = {0AB3BF05-4346-4AA6-1389-037BE0695223}
		{CD07285A-959E-4174-81C7-FF0124E152FD} = {0AB3BF05-4346-4AA6-1389-037BE0695223}
		{893F02DD-9AF1-4167-B9D1-D2C0406FFF8C} = {0AB3BF05-4346-4AA6-1389-037BE0695223}
	EndGlobalSection
EndGlobal
